// !$*UTF8*$!
{
	archiveVersion = 1;
	classes = {
	};
	objectVersion = 77;
	objects = {

/* Begin PBXBuildFile section */
		0E0A182A0E8F4C1792A8B075 /* MinuteLlama in Frameworks */ = {isa = PBXBuildFile; productRef = B730481B2E3B4E5FB8E38D6E /* MinuteLlama */; };
		58B6950C2EF600000068FAA7 /* MinuteCore in Frameworks */ = {isa = PBXBuildFile; productRef = 58B6950B2EF600000068FAA7 /* MinuteCore */; };
		5A7F52052F1F0D0A00D8E124 /* WhisperXPCService.swift in Sources */ = {isa = PBXBuildFile; fileRef = 5A7F52022F1F0D0A00D8E124 /* WhisperXPCService.swift */; };
		5A7F52062F1F0D0A00D8E124 /* MinuteWhisperService.xpc in CopyFiles */ = {isa = PBXBuildFile; fileRef = 5A7F52012F1F0D0A00D8E124 /* MinuteWhisperService.xpc */; settings = {ATTRIBUTES = (CodeSignOnCopy, ); }; };
		5A7F52072F1F0D0A00D8E124 /* MinuteWhisper in Frameworks */ = {isa = PBXBuildFile; productRef = 5A7F52132F1F0D0A00D8E124 /* MinuteWhisper */; };
		5A7F52082F1F0D0A00D8E124 /* MinuteCore in Frameworks */ = {isa = PBXBuildFile; productRef = 58B6950B2EF600000068FAA7 /* MinuteCore */; };
/* End PBXBuildFile section */

/* Begin PBXContainerItemProxy section */
		5A7F520E2F1F0D0A00D8E124 /* PBXContainerItemProxy */ = {
			isa = PBXContainerItemProxy;
			containerPortal = 58B694E72EF54B130068FAA7 /* Project object */;
			proxyType = 1;
			remoteGlobalIDString = 5A7F520F2F1F0D0A00D8E124;
			remoteInfo = MinuteWhisperService;
		};
/* End PBXContainerItemProxy section */

/* Begin PBXCopyFilesBuildPhase section */
		5A7F52092F1F0D0A00D8E124 /* CopyFiles */ = {
			isa = PBXCopyFilesBuildPhase;
			buildActionMask = 2147483647;
			dstPath = Contents/XPCServices;
			dstSubfolderSpec = 1;
			files = (
				5A7F52062F1F0D0A00D8E124 /* MinuteWhisperService.xpc in CopyFiles */,
			);
			runOnlyForDeploymentPostprocessing = 0;
		};
/* End PBXCopyFilesBuildPhase section */

/* Begin PBXFileReference section */
		58B694EF2EF54B130068FAA7 /* Minute.app */ = {isa = PBXFileReference; explicitFileType = wrapper.application; includeInIndex = 0; path = Minute.app; sourceTree = BUILT_PRODUCTS_DIR; };
		5A7F52012F1F0D0A00D8E124 /* MinuteWhisperService.xpc */ = {isa = PBXFileReference; explicitFileType = "wrapper.xpc-service"; includeInIndex = 0; path = MinuteWhisperService.xpc; sourceTree = BUILT_PRODUCTS_DIR; };
		5A7F52022F1F0D0A00D8E124 /* WhisperXPCService.swift */ = {isa = PBXFileReference; lastKnownFileType = sourcecode.swift; path = WhisperXPCService.swift; sourceTree = "<group>"; };
		5A7F52032F1F0D0A00D8E124 /* Info.plist */ = {isa = PBXFileReference; lastKnownFileType = text.plist.xml; path = Info.plist; sourceTree = "<group>"; };
/* End PBXFileReference section */

/* Begin PBXFileSystemSynchronizedRootGroup section */
		58B694F12EF54B130068FAA7 /* Minute */ = {
			isa = PBXFileSystemSynchronizedRootGroup;
			path = Minute;
			sourceTree = "<group>";
		};
/* End PBXFileSystemSynchronizedRootGroup section */

/* Begin PBXFrameworksBuildPhase section */
		58B694EC2EF54B130068FAA7 /* Frameworks */ = {
			isa = PBXFrameworksBuildPhase;
			buildActionMask = 2147483647;
			files = (
				58B6950C2EF600000068FAA7 /* MinuteCore in Frameworks */,
				0E0A182A0E8F4C1792A8B075 /* MinuteLlama in Frameworks */,
			);
			runOnlyForDeploymentPostprocessing = 0;
		};
		5A7F520B2F1F0D0A00D8E124 /* Frameworks */ = {
			isa = PBXFrameworksBuildPhase;
			buildActionMask = 2147483647;
			files = (
				5A7F52072F1F0D0A00D8E124 /* MinuteWhisper in Frameworks */,
				5A7F52082F1F0D0A00D8E124 /* MinuteCore in Frameworks */,
			);
			runOnlyForDeploymentPostprocessing = 0;
		};
/* End PBXFrameworksBuildPhase section */

/* Begin PBXGroup section */
		58B694E62EF54B130068FAA7 = {
			isa = PBXGroup;
			children = (
				58B694F12EF54B130068FAA7 /* Minute */,
				5A7F52042F1F0D0A00D8E124 /* MinuteWhisperService */,
				58B694F02EF54B130068FAA7 /* Products */,
			);
			sourceTree = "<group>";
		};
		58B694F02EF54B130068FAA7 /* Products */ = {
			isa = PBXGroup;
			children = (
				58B694EF2EF54B130068FAA7 /* Minute.app */,
				5A7F52012F1F0D0A00D8E124 /* MinuteWhisperService.xpc */,
			);
			name = Products;
			sourceTree = "<group>";
		};
		5A7F52042F1F0D0A00D8E124 /* MinuteWhisperService */ = {
			isa = PBXGroup;
			children = (
				5A7F52022F1F0D0A00D8E124 /* WhisperXPCService.swift */,
				5A7F52032F1F0D0A00D8E124 /* Info.plist */,
			);
			path = MinuteWhisperService;
			sourceTree = "<group>";
		};
/* End PBXGroup section */

/* Begin PBXNativeTarget section */
		58B694EE2EF54B130068FAA7 /* Minute */ = {
			isa = PBXNativeTarget;
			buildConfigurationList = 58B694FA2EF54B140068FAA7 /* Build configuration list for PBXNativeTarget "Minute" */;
			buildPhases = (
				58B694EB2EF54B130068FAA7 /* Sources */,
				58B694EC2EF54B130068FAA7 /* Frameworks */,
				5A7F52092F1F0D0A00D8E124 /* CopyFiles */,
				58B694ED2EF54B130068FAA7 /* Resources */,
			);
			buildRules = (
			);
			dependencies = (
				5A7F520D2F1F0D0A00D8E124 /* PBXTargetDependency */,
			);
			fileSystemSynchronizedGroups = (
				58B694F12EF54B130068FAA7 /* Minute */,
			);
			name = Minute;
			packageProductDependencies = (
				58B6950B2EF600000068FAA7 /* MinuteCore */,
				B730481B2E3B4E5FB8E38D6E /* MinuteLlama */,
			);
			productName = Minute;
			productReference = 58B694EF2EF54B130068FAA7 /* Minute.app */;
			productType = "com.apple.product-type.application";
		};
		5A7F520F2F1F0D0A00D8E124 /* MinuteWhisperService */ = {
			isa = PBXNativeTarget;
			buildConfigurationList = 5A7F52102F1F0D0A00D8E124 /* Build configuration list for PBXNativeTarget "MinuteWhisperService" */;
			buildPhases = (
				5A7F520A2F1F0D0A00D8E124 /* Sources */,
				5A7F520B2F1F0D0A00D8E124 /* Frameworks */,
				5A7F520C2F1F0D0A00D8E124 /* Resources */,
			);
			buildRules = (
			);
			dependencies = (
			);
			name = MinuteWhisperService;
			packageProductDependencies = (
				58B6950B2EF600000068FAA7 /* MinuteCore */,
				5A7F52132F1F0D0A00D8E124 /* MinuteWhisper */,
			);
			productName = MinuteWhisperService;
			productReference = 5A7F52012F1F0D0A00D8E124 /* MinuteWhisperService.xpc */;
			productType = "com.apple.product-type.xpc-service";
		};
/* End PBXNativeTarget section */

/* Begin PBXProject section */
		58B694E72EF54B130068FAA7 /* Project object */ = {
			isa = PBXProject;
			attributes = {
				BuildIndependentTargetsInParallel = 1;
				LastSwiftUpdateCheck = 2620;
				LastUpgradeCheck = 2620;
				TargetAttributes = {
					58B694EE2EF54B130068FAA7 = {
						CreatedOnToolsVersion = 26.2;
					};
					5A7F520F2F1F0D0A00D8E124 = {
						CreatedOnToolsVersion = 26.2;
					};
				};
			};
			buildConfigurationList = 58B694EA2EF54B130068FAA7 /* Build configuration list for PBXProject "Minute" */;
			developmentRegion = en;
			hasScannedForEncodings = 0;
			knownRegions = (
				en,
				Base,
			);
			mainGroup = 58B694E62EF54B130068FAA7;
			minimizedProjectReferenceProxies = 1;
			packageReferences = (
				58B6950A2EF600000068FAA7 /* XCLocalSwiftPackageReference "MinuteCore" */,
			);
			preferredProjectObjectVersion = 77;
			productRefGroup = 58B694F02EF54B130068FAA7 /* Products */;
			projectDirPath = "";
			projectRoot = "";
			targets = (
				58B694EE2EF54B130068FAA7 /* Minute */,
				5A7F520F2F1F0D0A00D8E124 /* MinuteWhisperService */,
			);
		};
/* End PBXProject section */

/* Begin PBXResourcesBuildPhase section */
		58B694ED2EF54B130068FAA7 /* Resources */ = {
			isa = PBXResourcesBuildPhase;
			buildActionMask = 2147483647;
			files = (
			);
			runOnlyForDeploymentPostprocessing = 0;
		};
		5A7F520C2F1F0D0A00D8E124 /* Resources */ = {
			isa = PBXResourcesBuildPhase;
			buildActionMask = 2147483647;
			files = (
			);
			runOnlyForDeploymentPostprocessing = 0;
		};
/* End PBXResourcesBuildPhase section */

/* Begin PBXSourcesBuildPhase section */
		58B694EB2EF54B130068FAA7 /* Sources */ = {
			isa = PBXSourcesBuildPhase;
			buildActionMask = 2147483647;
			files = (
			);
			runOnlyForDeploymentPostprocessing = 0;
		};
		5A7F520A2F1F0D0A00D8E124 /* Sources */ = {
			isa = PBXSourcesBuildPhase;
			buildActionMask = 2147483647;
			files = (
				5A7F52052F1F0D0A00D8E124 /* WhisperXPCService.swift in Sources */,
			);
			runOnlyForDeploymentPostprocessing = 0;
		};
/* End PBXSourcesBuildPhase section */

/* Begin PBXTargetDependency section */
		5A7F520D2F1F0D0A00D8E124 /* PBXTargetDependency */ = {
			isa = PBXTargetDependency;
			target = 5A7F520F2F1F0D0A00D8E124 /* MinuteWhisperService */;
			targetProxy = 5A7F520E2F1F0D0A00D8E124 /* PBXContainerItemProxy */;
		};
/* End PBXTargetDependency section */

/* Begin XCBuildConfiguration section */
		58B694F82EF54B140068FAA7 /* Debug */ = {
			isa = XCBuildConfiguration;
			buildSettings = {
				ALWAYS_SEARCH_USER_PATHS = NO;
				ASSETCATALOG_COMPILER_GENERATE_SWIFT_ASSET_SYMBOL_EXTENSIONS = YES;
				CLANG_ANALYZER_NONNULL = YES;
				CLANG_ANALYZER_NUMBER_OBJECT_CONVERSION = YES_AGGRESSIVE;
				CLANG_CXX_LANGUAGE_STANDARD = "gnu++20";
				CLANG_ENABLE_MODULES = YES;
				CLANG_ENABLE_OBJC_ARC = YES;
				CLANG_ENABLE_OBJC_WEAK = YES;
				CLANG_WARN_BLOCK_CAPTURE_AUTORELEASING = YES;
				CLANG_WARN_BOOL_CONVERSION = YES;
				CLANG_WARN_COMMA = YES;
				CLANG_WARN_CONSTANT_CONVERSION = YES;
				CLANG_WARN_DEPRECATED_OBJC_IMPLEMENTATIONS = YES;
				CLANG_WARN_DIRECT_OBJC_ISA_USAGE = YES_ERROR;
				CLANG_WARN_DOCUMENTATION_COMMENTS = YES;
				CLANG_WARN_EMPTY_BODY = YES;
				CLANG_WARN_ENUM_CONVERSION = YES;
				CLANG_WARN_INFINITE_RECURSION = YES;
				CLANG_WARN_INT_CONVERSION = YES;
				CLANG_WARN_NON_LITERAL_NULL_CONVERSION = YES;
				CLANG_WARN_OBJC_IMPLICIT_RETAIN_SELF = YES;
				CLANG_WARN_OBJC_LITERAL_CONVERSION = YES;
				CLANG_WARN_OBJC_ROOT_CLASS = YES_ERROR;
				CLANG_WARN_QUOTED_INCLUDE_IN_FRAMEWORK_HEADER = YES;
				CLANG_WARN_RANGE_LOOP_ANALYSIS = YES;
				CLANG_WARN_STRICT_PROTOTYPES = YES;
				CLANG_WARN_SUSPICIOUS_MOVE = YES;
				CLANG_WARN_UNGUARDED_AVAILABILITY = YES_AGGRESSIVE;
				CLANG_WARN_UNREACHABLE_CODE = YES;
				CLANG_WARN__DUPLICATE_METHOD_MATCH = YES;
				COPY_PHASE_STRIP = NO;
				DEBUG_INFORMATION_FORMAT = dwarf;
				ENABLE_STRICT_OBJC_MSGSEND = YES;
				ENABLE_TESTABILITY = YES;
				ENABLE_USER_SCRIPT_SANDBOXING = YES;
				GCC_C_LANGUAGE_STANDARD = gnu17;
				GCC_DYNAMIC_NO_PIC = NO;
				GCC_NO_COMMON_BLOCKS = YES;
				GCC_OPTIMIZATION_LEVEL = 0;
				GCC_PREPROCESSOR_DEFINITIONS = (
					"DEBUG=1",
					"$(inherited)",
				);
				GCC_WARN_64_TO_32_BIT_CONVERSION = YES;
				GCC_WARN_ABOUT_RETURN_TYPE = YES_ERROR;
				GCC_WARN_UNDECLARED_SELECTOR = YES;
				GCC_WARN_UNINITIALIZED_AUTOS = YES_AGGRESSIVE;
				GCC_WARN_UNUSED_FUNCTION = YES;
				GCC_WARN_UNUSED_VARIABLE = YES;
				LOCALIZATION_PREFERS_STRING_CATALOGS = YES;
				MTL_ENABLE_DEBUG_INFO = INCLUDE_SOURCE;
				MTL_FAST_MATH = YES;
				ONLY_ACTIVE_ARCH = YES;
				SWIFT_ACTIVE_COMPILATION_CONDITIONS = "DEBUG $(inherited)";
				SWIFT_OPTIMIZATION_LEVEL = "-Onone";
			};
			name = Debug;
		};
		58B694F92EF54B140068FAA7 /* Release */ = {
			isa = XCBuildConfiguration;
			buildSettings = {
				ALWAYS_SEARCH_USER_PATHS = NO;
				ASSETCATALOG_COMPILER_GENERATE_SWIFT_ASSET_SYMBOL_EXTENSIONS = YES;
				CLANG_ANALYZER_NONNULL = YES;
				CLANG_ANALYZER_NUMBER_OBJECT_CONVERSION = YES_AGGRESSIVE;
				CLANG_CXX_LANGUAGE_STANDARD = "gnu++20";
				CLANG_ENABLE_MODULES = YES;
				CLANG_ENABLE_OBJC_ARC = YES;
				CLANG_ENABLE_OBJC_WEAK = YES;
				CLANG_WARN_BLOCK_CAPTURE_AUTORELEASING = YES;
				CLANG_WARN_BOOL_CONVERSION = YES;
				CLANG_WARN_COMMA = YES;
				CLANG_WARN_CONSTANT_CONVERSION = YES;
				CLANG_WARN_DEPRECATED_OBJC_IMPLEMENTATIONS = YES;
				CLANG_WARN_DIRECT_OBJC_ISA_USAGE = YES_ERROR;
				CLANG_WARN_DOCUMENTATION_COMMENTS = YES;
				CLANG_WARN_EMPTY_BODY = YES;
				CLANG_WARN_ENUM_CONVERSION = YES;
				CLANG_WARN_INFINITE_RECURSION = YES;
				CLANG_WARN_INT_CONVERSION = YES;
				CLANG_WARN_NON_LITERAL_NULL_CONVERSION = YES;
				CLANG_WARN_OBJC_IMPLICIT_RETAIN_SELF = YES;
				CLANG_WARN_OBJC_LITERAL_CONVERSION = YES;
				CLANG_WARN_OBJC_ROOT_CLASS = YES_ERROR;
				CLANG_WARN_QUOTED_INCLUDE_IN_FRAMEWORK_HEADER = YES;
				CLANG_WARN_RANGE_LOOP_ANALYSIS = YES;
				CLANG_WARN_STRICT_PROTOTYPES = YES;
				CLANG_WARN_SUSPICIOUS_MOVE = YES;
				CLANG_WARN_UNGUARDED_AVAILABILITY = YES_AGGRESSIVE;
				CLANG_WARN_UNREACHABLE_CODE = YES;
				CLANG_WARN__DUPLICATE_METHOD_MATCH = YES;
				COPY_PHASE_STRIP = NO;
				DEBUG_INFORMATION_FORMAT = "dwarf-with-dsym";
				ENABLE_NS_ASSERTIONS = NO;
				ENABLE_STRICT_OBJC_MSGSEND = YES;
				ENABLE_USER_SCRIPT_SANDBOXING = YES;
				GCC_C_LANGUAGE_STANDARD = gnu17;
				GCC_NO_COMMON_BLOCKS = YES;
				GCC_WARN_64_TO_32_BIT_CONVERSION = YES;
				GCC_WARN_ABOUT_RETURN_TYPE = YES_ERROR;
				GCC_WARN_UNDECLARED_SELECTOR = YES;
				GCC_WARN_UNINITIALIZED_AUTOS = YES_AGGRESSIVE;
				GCC_WARN_UNUSED_FUNCTION = YES;
				GCC_WARN_UNUSED_VARIABLE = YES;
				LOCALIZATION_PREFERS_STRING_CATALOGS = YES;
				MTL_ENABLE_DEBUG_INFO = NO;
				MTL_FAST_MATH = YES;
				SWIFT_COMPILATION_MODE = wholemodule;
			};
			name = Release;
		};
		58B694FB2EF54B140068FAA7 /* Debug */ = {
			isa = XCBuildConfiguration;
			buildSettings = {
				ASSETCATALOG_COMPILER_APPICON_NAME = AppIcon;
				ASSETCATALOG_COMPILER_GLOBAL_ACCENT_COLOR_NAME = AccentColor;
				CODE_SIGN_ENTITLEMENTS = Minute/Minute.entitlements;
				CODE_SIGN_STYLE = Automatic;
				CURRENT_PROJECT_VERSION = 1;
				ENABLE_APP_SANDBOX = YES;
				ENABLE_PREVIEWS = YES;
				ENABLE_USER_SELECTED_FILES = readwrite;
				GENERATE_INFOPLIST_FILE = YES;
				INFOPLIST_KEY_CFBundleDisplayName = Minute;
				INFOPLIST_KEY_LSApplicationCategoryType = "public.app-category.productivity";
				INFOPLIST_KEY_NSMicrophoneUsageDescription = "Minute needs microphone access to record meetings locally.";
				INFOPLIST_KEY_NSScreenCaptureUsageDescription = "Minute needs screen recording access to capture system audio locally.";
				"INFOPLIST_KEY_UIApplicationSceneManifest_Generation[sdk=iphoneos*]" = YES;
				"INFOPLIST_KEY_UIApplicationSceneManifest_Generation[sdk=iphonesimulator*]" = YES;
				"INFOPLIST_KEY_UIApplicationSupportsIndirectInputEvents[sdk=iphoneos*]" = YES;
				"INFOPLIST_KEY_UIApplicationSupportsIndirectInputEvents[sdk=iphonesimulator*]" = YES;
				"INFOPLIST_KEY_UILaunchScreen_Generation[sdk=iphoneos*]" = YES;
				"INFOPLIST_KEY_UILaunchScreen_Generation[sdk=iphonesimulator*]" = YES;
				"INFOPLIST_KEY_UIStatusBarStyle[sdk=iphoneos*]" = UIStatusBarStyleDefault;
				"INFOPLIST_KEY_UIStatusBarStyle[sdk=iphonesimulator*]" = UIStatusBarStyleDefault;
				INFOPLIST_KEY_UISupportedInterfaceOrientations_iPad = "UIInterfaceOrientationPortrait UIInterfaceOrientationPortraitUpsideDown UIInterfaceOrientationLandscapeLeft UIInterfaceOrientationLandscapeRight";
				INFOPLIST_KEY_UISupportedInterfaceOrientations_iPhone = "UIInterfaceOrientationPortrait UIInterfaceOrientationLandscapeLeft UIInterfaceOrientationLandscapeRight";
				IPHONEOS_DEPLOYMENT_TARGET = 26.2;
				LD_RUNPATH_SEARCH_PATHS = "@executable_path/Frameworks";
				"LD_RUNPATH_SEARCH_PATHS[sdk=macosx*]" = "@executable_path/../Frameworks";
				MACOSX_DEPLOYMENT_TARGET = 14.6;
				MARKETING_VERSION = 1.0;
				PRODUCT_BUNDLE_IDENTIFIER = roblibob.Minute;
				PRODUCT_NAME = "$(TARGET_NAME)";
				REGISTER_APP_GROUPS = YES;
				SDKROOT = auto;
				STRING_CATALOG_GENERATE_SYMBOLS = YES;
				SUPPORTED_PLATFORMS = macosx;
				SWIFT_APPROACHABLE_CONCURRENCY = YES;
				SWIFT_DEFAULT_ACTOR_ISOLATION = MainActor;
				SWIFT_EMIT_LOC_STRINGS = YES;
				SWIFT_UPCOMING_FEATURE_MEMBER_IMPORT_VISIBILITY = YES;
				SWIFT_VERSION = 5.0;
				TARGETED_DEVICE_FAMILY = "1,2,7";
				XROS_DEPLOYMENT_TARGET = 26.2;
			};
			name = Debug;
		};
		58B694FC2EF54B140068FAA7 /* Release */ = {
			isa = XCBuildConfiguration;
			buildSettings = {
				ASSETCATALOG_COMPILER_APPICON_NAME = AppIcon;
				ASSETCATALOG_COMPILER_GLOBAL_ACCENT_COLOR_NAME = AccentColor;
				CODE_SIGN_ENTITLEMENTS = Minute/Minute.entitlements;
				CODE_SIGN_STYLE = Automatic;
				CURRENT_PROJECT_VERSION = 1;
				ENABLE_APP_SANDBOX = YES;
				ENABLE_PREVIEWS = YES;
				ENABLE_USER_SELECTED_FILES = readwrite;
				GENERATE_INFOPLIST_FILE = YES;
				INFOPLIST_KEY_CFBundleDisplayName = Minute;
				INFOPLIST_KEY_LSApplicationCategoryType = "public.app-category.productivity";
				INFOPLIST_KEY_NSMicrophoneUsageDescription = "Minute needs microphone access to record meetings locally.";
				INFOPLIST_KEY_NSScreenCaptureUsageDescription = "Minute needs screen recording access to capture system audio locally.";
				"INFOPLIST_KEY_UIApplicationSceneManifest_Generation[sdk=iphoneos*]" = YES;
				"INFOPLIST_KEY_UIApplicationSceneManifest_Generation[sdk=iphonesimulator*]" = YES;
				"INFOPLIST_KEY_UIApplicationSupportsIndirectInputEvents[sdk=iphoneos*]" = YES;
				"INFOPLIST_KEY_UIApplicationSupportsIndirectInputEvents[sdk=iphonesimulator*]" = YES;
				"INFOPLIST_KEY_UILaunchScreen_Generation[sdk=iphoneos*]" = YES;
				"INFOPLIST_KEY_UILaunchScreen_Generation[sdk=iphonesimulator*]" = YES;
				"INFOPLIST_KEY_UIStatusBarStyle[sdk=iphoneos*]" = UIStatusBarStyleDefault;
				"INFOPLIST_KEY_UIStatusBarStyle[sdk=iphonesimulator*]" = UIStatusBarStyleDefault;
				INFOPLIST_KEY_UISupportedInterfaceOrientations_iPad = "UIInterfaceOrientationPortrait UIInterfaceOrientationPortraitUpsideDown UIInterfaceOrientationLandscapeLeft UIInterfaceOrientationLandscapeRight";
				INFOPLIST_KEY_UISupportedInterfaceOrientations_iPhone = "UIInterfaceOrientationPortrait UIInterfaceOrientationLandscapeLeft UIInterfaceOrientationLandscapeRight";
				IPHONEOS_DEPLOYMENT_TARGET = 26.2;
				LD_RUNPATH_SEARCH_PATHS = "@executable_path/Frameworks";
				"LD_RUNPATH_SEARCH_PATHS[sdk=macosx*]" = "@executable_path/../Frameworks";
				MACOSX_DEPLOYMENT_TARGET = 14.6;
				MARKETING_VERSION = 1.0;
				PRODUCT_BUNDLE_IDENTIFIER = roblibob.Minute;
				PRODUCT_NAME = "$(TARGET_NAME)";
				REGISTER_APP_GROUPS = YES;
				SDKROOT = auto;
				STRING_CATALOG_GENERATE_SYMBOLS = YES;
				SUPPORTED_PLATFORMS = macosx;
				SWIFT_APPROACHABLE_CONCURRENCY = YES;
				SWIFT_DEFAULT_ACTOR_ISOLATION = MainActor;
				SWIFT_EMIT_LOC_STRINGS = YES;
				SWIFT_UPCOMING_FEATURE_MEMBER_IMPORT_VISIBILITY = YES;
				SWIFT_VERSION = 5.0;
				TARGETED_DEVICE_FAMILY = "1,2,7";
				XROS_DEPLOYMENT_TARGET = 26.2;
			};
			name = Release;
		};
		5A7F52112F1F0D0A00D8E124 /* Debug */ = {
			isa = XCBuildConfiguration;
			buildSettings = {
				CODE_SIGN_STYLE = Automatic;
				CURRENT_PROJECT_VERSION = 1;
				INFOPLIST_FILE = MinuteWhisperService/Info.plist;
				LD_RUNPATH_SEARCH_PATHS = "@executable_path/../Frameworks";
				MACOSX_DEPLOYMENT_TARGET = 14.6;
				PRODUCT_BUNDLE_IDENTIFIER = roblibob.Minute.WhisperService;
				PRODUCT_NAME = "$(TARGET_NAME)";
				SKIP_INSTALL = YES;
				SWIFT_VERSION = 5.0;
			};
			name = Debug;
		};
		5A7F52122F1F0D0A00D8E124 /* Release */ = {
			isa = XCBuildConfiguration;
			buildSettings = {
				CODE_SIGN_STYLE = Automatic;
				CURRENT_PROJECT_VERSION = 1;
				INFOPLIST_FILE = MinuteWhisperService/Info.plist;
				LD_RUNPATH_SEARCH_PATHS = "@executable_path/../Frameworks";
				MACOSX_DEPLOYMENT_TARGET = 14.6;
				PRODUCT_BUNDLE_IDENTIFIER = roblibob.Minute.WhisperService;
				PRODUCT_NAME = "$(TARGET_NAME)";
				SKIP_INSTALL = YES;
				SWIFT_VERSION = 5.0;
			};
			name = Release;
		};
/* End XCBuildConfiguration section */

/* Begin XCConfigurationList section */
		58B694EA2EF54B130068FAA7 /* Build configuration list for PBXProject "Minute" */ = {
			isa = XCConfigurationList;
			buildConfigurations = (
				58B694F82EF54B140068FAA7 /* Debug */,
				58B694F92EF54B140068FAA7 /* Release */,
			);
			defaultConfigurationIsVisible = 0;
			defaultConfigurationName = Release;
		};
		58B694FA2EF54B140068FAA7 /* Build configuration list for PBXNativeTarget "Minute" */ = {
			isa = XCConfigurationList;
			buildConfigurations = (
				58B694FB2EF54B140068FAA7 /* Debug */,
				58B694FC2EF54B140068FAA7 /* Release */,
			);
			defaultConfigurationIsVisible = 0;
			defaultConfigurationName = Release;
		};
		5A7F52102F1F0D0A00D8E124 /* Build configuration list for PBXNativeTarget "MinuteWhisperService" */ = {
			isa = XCConfigurationList;
			buildConfigurations = (
				5A7F52112F1F0D0A00D8E124 /* Debug */,
				5A7F52122F1F0D0A00D8E124 /* Release */,
			);
			defaultConfigurationIsVisible = 0;
			defaultConfigurationName = Release;
		};
/* End XCConfigurationList section */

/* Begin XCLocalSwiftPackageReference section */
		58B6950A2EF600000068FAA7 /* XCLocalSwiftPackageReference "MinuteCore" */ = {
			isa = XCLocalSwiftPackageReference;
			relativePath = MinuteCore;
		};
/* End XCLocalSwiftPackageReference section */

/* Begin XCSwiftPackageProductDependency section */
		58B6950B2EF600000068FAA7 /* MinuteCore */ = {
			isa = XCSwiftPackageProductDependency;
			package = 58B6950A2EF600000068FAA7 /* XCLocalSwiftPackageReference "MinuteCore" */;
			productName = MinuteCore;
		};
		5A7F52132F1F0D0A00D8E124 /* MinuteWhisper */ = {
			isa = XCSwiftPackageProductDependency;
			package = 58B6950A2EF600000068FAA7 /* XCLocalSwiftPackageReference "MinuteCore" */;
			productName = MinuteWhisper;
		};
		B730481B2E3B4E5FB8E38D6E /* MinuteLlama */ = {
			isa = XCSwiftPackageProductDependency;
			package = 58B6950A2EF600000068FAA7 /* XCLocalSwiftPackageReference "MinuteCore" */;
			productName = MinuteLlama;
		};
/* End XCSwiftPackageProductDependency section */
	};
	rootObject = 58B694E72EF54B130068FAA7 /* Project object */;
}
