{
  "originHash" : "28cc934a50073afeecedc6f0ea8ec6840d80bf416162d35b093a47114a238b20",
  "pins" : [
    {
      "identity" : "fluidaudio",
      "kind" : "remoteSourceControl",
      "location" : "https://github.com/FluidInference/FluidAudio.git",
      "state" : {
        "revision" : "a1582f0c476864b6609f75459312037390089044",
        "version" : "0.10.0"
      }
    }
  ],
  "version" : 3
}
