{
  "originHash" : "6f42e6354c744c677422f30e9b8fcc0c90b70d8f6ab0dd999b9dace9a7453a28",
  "pins" : [
    {
      "identity" : "fluidaudio",
      "kind" : "remoteSourceControl",
      "location" : "https://github.com/FluidInference/FluidAudio.git",
      "state" : {
        "revision" : "e5c6456dd9cbbd6bcdc3aeefbddfcd483c5d3ca6"
      }
    }
  ],
  "version" : 3
}
